
Microsoft Visual Studio Solution File, Format Version 12.00
# Visual Studio 14
VisualStudioVersion = 14.0.25420.1
MinimumVisualStudioVersion = 10.0.40219.1
Project("{FAE04EC0-301F-11D3-BF4B-00C04F79EFBC}") = "MainStationV0.0", "MainStationV0.0\MainStationV0.0.csproj", "{62AAE9F2-C869-402C-936F-26E29221E99D}"
EndProject
Global
	GlobalSection(SolutionConfigurationPlatforms) = preSolution
		Debug|Any CPU = Debug|Any CPU
		Release|Any CPU = Release|Any CPU
	EndGlobalSection
	GlobalSection(ProjectConfigurationPlatforms) = postSolution
		{62AAE9F2-C869-402C-936F-26E29221E99D}.Debug|Any CPU.ActiveCfg = Debug|Any CPU
		{62AAE9F2-C869-402C-936F-26E29221E99D}.Debug|Any CPU.Build.0 = Debug|Any CPU
		{62AAE9F2-C869-402C-936F-26E29221E99D}.Release|Any CPU.ActiveCfg = Release|Any CPU
		{62AAE9F2-C869-402C-936F-26E29221E99D}.Release|Any CPU.Build.0 = Release|Any CPU
	EndGlobalSection
	GlobalSection(SolutionProperties) = preSolution
		HideSolutionNode = FALSE
	EndGlobalSection
	GlobalSection(ExtensibilityGlobals) = postSolution
		SolutionGuid = {47C10012-09C7-4BA9-AE6E-B12D875D8F4D}
	EndGlobalSection
EndGlobal
